
Microsoft Visual Studio Solution File, Format Version 12.00
# Visual Studio Version 16
VisualStudioVersion = 16.0.30804.86
MinimumVisualStudioVersion = 10.0.40219.1
Project("{FAE04EC0-301F-11D3-BF4B-00C04F79EFBC}") = "Dice Testing", "Dice Testing\Dice Testing.csproj", "{02C3DFE8-CC1D-435E-AEDC-107E58607D87}"
EndProject
Global
	GlobalSection(SolutionConfigurationPlatforms) = preSolution
		Debug|Any CPU = Debug|Any CPU
		Release|Any CPU = Release|Any CPU
	EndGlobalSection
	GlobalSection(ProjectConfigurationPlatforms) = postSolution
		{02C3DFE8-CC1D-435E-AEDC-107E58607D87}.Debug|Any CPU.ActiveCfg = Debug|Any CPU
		{02C3DFE8-CC1D-435E-AEDC-107E58607D87}.Debug|Any CPU.Build.0 = Debug|Any CPU
		{02C3DFE8-CC1D-435E-AEDC-107E58607D87}.Release|Any CPU.ActiveCfg = Release|Any CPU
		{02C3DFE8-CC1D-435E-AEDC-107E58607D87}.Release|Any CPU.Build.0 = Release|Any CPU
	EndGlobalSection
	GlobalSection(SolutionProperties) = preSolution
		HideSolutionNode = FALSE
	EndGlobalSection
	GlobalSection(ExtensibilityGlobals) = postSolution
		SolutionGuid = {CDC7CD61-2762-41B5-8422-9BC09308C69C}
	EndGlobalSection
EndGlobal
